// !$*UTF8*$!
{
	archiveVersion = 1;
	classes = {
	};
	objectVersion = 46;
	objects = {

/* Begin PBXBuildFile section */
		3F0907661CBC129600AB044F /* AppDelegate.swift in Sources */ = {isa = PBXBuildFile; fileRef = 3F0907651CBC129600AB044F /* AppDelegate.swift */; };
		3F09076B1CBC129600AB044F /* Main.storyboard in Resources */ = {isa = PBXBuildFile; fileRef = 3F0907691CBC129600AB044F /* Main.storyboard */; };
		3F09076D1CBC129600AB044F /* Assets.xcassets in Resources */ = {isa = PBXBuildFile; fileRef = 3F09076C1CBC129600AB044F /* Assets.xcassets */; };
		3F0907701CBC129600AB044F /* LaunchScreen.storyboard in Resources */ = {isa = PBXBuildFile; fileRef = 3F09076E1CBC129600AB044F /* LaunchScreen.storyboard */; };
		3F09077C1CBC15CC00AB044F /* Item.swift in Sources */ = {isa = PBXBuildFile; fileRef = 3F09077B1CBC15CC00AB044F /* Item.swift */; };
		3F09077E1CBC1C4E00AB044F /* ItemStore.swift in Sources */ = {isa = PBXBuildFile; fileRef = 3F09077D1CBC1C4E00AB044F /* ItemStore.swift */; };
		3F1930001CC7B2C7002A6E7A /* ItemViewController.swift in Sources */ = {isa = PBXBuildFile; fileRef = 3F192FFF1CC7B2C7002A6E7A /* ItemViewController.swift */; };
/* End PBXBuildFile section */

/* Begin PBXFileReference section */
		3F0907621CBC129600AB044F /* HomeOwner.app */ = {isa = PBXFileReference; explicitFileType = wrapper.application; includeInIndex = 0; path = HomeOwner.app; sourceTree = BUILT_PRODUCTS_DIR; };
		3F0907651CBC129600AB044F /* AppDelegate.swift */ = {isa = PBXFileReference; lastKnownFileType = sourcecode.swift; path = AppDelegate.swift; sourceTree = "<group>"; };
		3F09076A1CBC129600AB044F /* Base */ = {isa = PBXFileReference; lastKnownFileType = file.storyboard; name = Base; path = Base.lproj/Main.storyboard; sourceTree = "<group>"; };
		3F09076C1CBC129600AB044F /* Assets.xcassets */ = {isa = PBXFileReference; lastKnownFileType = folder.assetcatalog; path = Assets.xcassets; sourceTree = "<group>"; };
		3F09076F1CBC129600AB044F /* Base */ = {isa = PBXFileReference; lastKnownFileType = file.storyboard; name = Base; path = Base.lproj/LaunchScreen.storyboard; sourceTree = "<group>"; };
		3F0907711CBC129600AB044F /* Info.plist */ = {isa = PBXFileReference; lastKnownFileType = text.plist.xml; path = Info.plist; sourceTree = "<group>"; };
		3F09077B1CBC15CC00AB044F /* Item.swift */ = {isa = PBXFileReference; fileEncoding = 4; lastKnownFileType = sourcecode.swift; name = Item.swift; path = ../Item.swift; sourceTree = "<group>"; };
		3F09077D1CBC1C4E00AB044F /* ItemStore.swift */ = {isa = PBXFileReference; fileEncoding = 4; lastKnownFileType = sourcecode.swift; path = ItemStore.swift; sourceTree = "<group>"; };
		3F192FFF1CC7B2C7002A6E7A /* ItemViewController.swift */ = {isa = PBXFileReference; fileEncoding = 4; lastKnownFileType = sourcecode.swift; name = ItemViewController.swift; path = ../ItemViewController.swift; sourceTree = "<group>"; };
/* End PBXFileReference section */

/* Begin PBXFrameworksBuildPhase section */
		3F09075F1CBC129600AB044F /* Frameworks */ = {
			isa = PBXFrameworksBuildPhase;
			buildActionMask = 2147483647;
			files = (
			);
			runOnlyForDeploymentPostprocessing = 0;
		};
/* End PBXFrameworksBuildPhase section */

/* Begin PBXGroup section */
		3F0907591CBC129600AB044F = {
			isa = PBXGroup;
			children = (
				3F0907641CBC129600AB044F /* HomeOwner */,
				3F0907631CBC129600AB044F /* Products */,
			);
			sourceTree = "<group>";
		};
		3F0907631CBC129600AB044F /* Products */ = {
			isa = PBXGroup;
			children = (
				3F0907621CBC129600AB044F /* HomeOwner.app */,
			);
			name = Products;
			sourceTree = "<group>";
		};
		3F0907641CBC129600AB044F /* HomeOwner */ = {
			isa = PBXGroup;
			children = (
				3F0907651CBC129600AB044F /* AppDelegate.swift */,
				3F0907691CBC129600AB044F /* Main.storyboard */,
				3F09077D1CBC1C4E00AB044F /* ItemStore.swift */,
				3F192FFF1CC7B2C7002A6E7A /* ItemViewController.swift */,
				3F09077B1CBC15CC00AB044F /* Item.swift */,
				3F09076C1CBC129600AB044F /* Assets.xcassets */,
				3F09076E1CBC129600AB044F /* LaunchScreen.storyboard */,
				3F0907711CBC129600AB044F /* Info.plist */,
			);
			path = HomeOwner;
			sourceTree = "<group>";
		};
/* End PBXGroup section */

/* Begin PBXNativeTarget section */
		3F0907611CBC129600AB044F /* HomeOwner */ = {
			isa = PBXNativeTarget;
			buildConfigurationList = 3F0907741CBC129600AB044F /* Build configuration list for PBXNativeTarget "HomeOwner" */;
			buildPhases = (
				3F09075E1CBC129600AB044F /* Sources */,
				3F09075F1CBC129600AB044F /* Frameworks */,
				3F0907601CBC129600AB044F /* Resources */,
			);
			buildRules = (
			);
			dependencies = (
			);
			name = HomeOwner;
			productName = HomeOwner;
			productReference = 3F0907621CBC129600AB044F /* HomeOwner.app */;
			productType = "com.apple.product-type.application";
		};
/* End PBXNativeTarget section */

/* Begin PBXProject section */
		3F09075A1CBC129600AB044F /* Project object */ = {
			isa = PBXProject;
			attributes = {
				LastSwiftUpdateCheck = 0710;
				LastUpgradeCheck = 0710;
				ORGANIZATIONNAME = shp;
				TargetAttributes = {
					3F0907611CBC129600AB044F = {
						CreatedOnToolsVersion = 7.1.1;
						DevelopmentTeam = 346B9JDU52;
					};
				};
			};
			buildConfigurationList = 3F09075D1CBC129600AB044F /* Build configuration list for PBXProject "HomeOwner" */;
			compatibilityVersion = "Xcode 3.2";
			developmentRegion = English;
			hasScannedForEncodings = 0;
			knownRegions = (
				en,
				Base,
			);
			mainGroup = 3F0907591CBC129600AB044F;
			productRefGroup = 3F0907631CBC129600AB044F /* Products */;
			projectDirPath = "";
			projectRoot = "";
			targets = (
				3F0907611CBC129600AB044F /* HomeOwner */,
			);
		};
/* End PBXProject section */

/* Begin PBXResourcesBuildPhase section */
		3F0907601CBC129600AB044F /* Resources */ = {
			isa = PBXResourcesBuildPhase;
			buildActionMask = 2147483647;
			files = (
				3F0907701CBC129600AB044F /* LaunchScreen.storyboard in Resources */,
				3F09076D1CBC129600AB044F /* Assets.xcassets in Resources */,
				3F09076B1CBC129600AB044F /* Main.storyboard in Resources */,
			);
			runOnlyForDeploymentPostprocessing = 0;
		};
/* End PBXResourcesBuildPhase section */

/* Begin PBXSourcesBuildPhase section */
		3F09075E1CBC129600AB044F /* Sources */ = {
			isa = PBXSourcesBuildPhase;
			buildActionMask = 2147483647;
			files = (
				3F09077C1CBC15CC00AB044F /* Item.swift in Sources */,
				3F1930001CC7B2C7002A6E7A /* ItemViewController.swift in Sources */,
				3F09077E1CBC1C4E00AB044F /* ItemStore.swift in Sources */,
				3F0907661CBC129600AB044F /* AppDelegate.swift in Sources */,
			);
			runOnlyForDeploymentPostprocessing = 0;
		};
/* End PBXSourcesBuildPhase section */

/* Begin PBXVariantGroup section */
		3F0907691CBC129600AB044F /* Main.storyboard */ = {
			isa = PBXVariantGroup;
			children = (
				3F09076A1CBC129600AB044F /* Base */,
			);
			name = Main.storyboard;
			sourceTree = "<group>";
		};
		3F09076E1CBC129600AB044F /* LaunchScreen.storyboard */ = {
			isa = PBXVariantGroup;
			children = (
				3F09076F1CBC129600AB044F /* Base */,
			);
			name = LaunchScreen.storyboard;
			sourceTree = "<group>";
		};
/* End PBXVariantGroup section */

/* Begin XCBuildConfiguration section */
		3F0907721CBC129600AB044F /* Debug */ = {
			isa = XCBuildConfiguration;
			buildSettings = {
				ALWAYS_SEARCH_USER_PATHS = NO;
				CLANG_CXX_LANGUAGE_STANDARD = "gnu++0x";
				CLANG_CXX_LIBRARY = "libc++";
				CLANG_ENABLE_MODULES = YES;
				CLANG_ENABLE_OBJC_ARC = YES;
				CLANG_WARN_BOOL_CONVERSION = YES;
				CLANG_WARN_CONSTANT_CONVERSION = YES;
				CLANG_WARN_DIRECT_OBJC_ISA_USAGE = YES_ERROR;
				CLANG_WARN_EMPTY_BODY = YES;
				CLANG_WARN_ENUM_CONVERSION = YES;
				CLANG_WARN_INT_CONVERSION = YES;
				CLANG_WARN_OBJC_ROOT_CLASS = YES_ERROR;
				CLANG_WARN_UNREACHABLE_CODE = YES;
				CLANG_WARN__DUPLICATE_METHOD_MATCH = YES;
				"CODE_SIGN_IDENTITY[sdk=iphoneos*]" = "iPhone Developer";
				COPY_PHASE_STRIP = NO;
				DEBUG_INFORMATION_FORMAT = dwarf;
				ENABLE_STRICT_OBJC_MSGSEND = YES;
				ENABLE_TESTABILITY = YES;
				GCC_C_LANGUAGE_STANDARD = gnu99;
				GCC_DYNAMIC_NO_PIC = NO;
				GCC_NO_COMMON_BLOCKS = YES;
				GCC_OPTIMIZATION_LEVEL = 0;
				GCC_PREPROCESSOR_DEFINITIONS = (
					"DEBUG=1",
					"$(inherited)",
				);
				GCC_WARN_64_TO_32_BIT_CONVERSION = YES;
				GCC_WARN_ABOUT_RETURN_TYPE = YES_ERROR;
				GCC_WARN_UNDECLARED_SELECTOR = YES;
				GCC_WARN_UNINITIALIZED_AUTOS = YES_AGGRESSIVE;
				GCC_WARN_UNUSED_FUNCTION = YES;
				GCC_WARN_UNUSED_VARIABLE = YES;
				IPHONEOS_DEPLOYMENT_TARGET = 9.1;
				MTL_ENABLE_DEBUG_INFO = YES;
				ONLY_ACTIVE_ARCH = YES;
				SDKROOT = iphoneos;
				SWIFT_OPTIMIZATION_LEVEL = "-Onone";
			};
			name = Debug;
		};
		3F0907731CBC129600AB044F /* Release */ = {
			isa = XCBuildConfiguration;
			buildSettings = {
				ALWAYS_SEARCH_USER_PATHS = NO;
				CLANG_CXX_LANGUAGE_STANDARD = "gnu++0x";
				CLANG_CXX_LIBRARY = "libc++";
				CLANG_ENABLE_MODULES = YES;
				CLANG_ENABLE_OBJC_ARC = YES;
				CLANG_WARN_BOOL_CONVERSION = YES;
				CLANG_WARN_CONSTANT_CONVERSION = YES;
				CLANG_WARN_DIRECT_OBJC_ISA_USAGE = YES_ERROR;
				CLANG_WARN_EMPTY_BODY = YES;
				CLANG_WARN_ENUM_CONVERSION = YES;
				CLANG_WARN_INT_CONVERSION = YES;
				CLANG_WARN_OBJC_ROOT_CLASS = YES_ERROR;
				CLANG_WARN_UNREACHABLE_CODE = YES;
				CLANG_WARN__DUPLICATE_METHOD_MATCH = YES;
				"CODE_SIGN_IDENTITY[sdk=iphoneos*]" = "iPhone Developer";
				COPY_PHASE_STRIP = NO;
				DEBUG_INFORMATION_FORMAT = "dwarf-with-dsym";
				ENABLE_NS_ASSERTIONS = NO;
				ENABLE_STRICT_OBJC_MSGSEND = YES;
				GCC_C_LANGUAGE_STANDARD = gnu99;
				GCC_NO_COMMON_BLOCKS = YES;
				GCC_WARN_64_TO_32_BIT_CONVERSION = YES;
				GCC_WARN_ABOUT_RETURN_TYPE = YES_ERROR;
				GCC_WARN_UNDECLARED_SELECTOR = YES;
				GCC_WARN_UNINITIALIZED_AUTOS = YES_AGGRESSIVE;
				GCC_WARN_UNUSED_FUNCTION = YES;
				GCC_WARN_UNUSED_VARIABLE = YES;
				IPHONEOS_DEPLOYMENT_TARGET = 9.1;
				MTL_ENABLE_DEBUG_INFO = NO;
				SDKROOT = iphoneos;
				VALIDATE_PRODUCT = YES;
			};
			name = Release;
		};
		3F0907751CBC129600AB044F /* Debug */ = {
			isa = XCBuildConfiguration;
			buildSettings = {
				ASSETCATALOG_COMPILER_APPICON_NAME = AppIcon;
				INFOPLIST_FILE = HomeOwner/Info.plist;
				LD_RUNPATH_SEARCH_PATHS = "$(inherited) @executable_path/Frameworks";
				PRODUCT_BUNDLE_IDENTIFIER = org.shp.HomeOwner;
				PRODUCT_NAME = "$(TARGET_NAME)";
			};
			name = Debug;
		};
		3F0907761CBC129600AB044F /* Release */ = {
			isa = XCBuildConfiguration;
			buildSettings = {
				ASSETCATALOG_COMPILER_APPICON_NAME = AppIcon;
				INFOPLIST_FILE = HomeOwner/Info.plist;
				LD_RUNPATH_SEARCH_PATHS = "$(inherited) @executable_path/Frameworks";
				PRODUCT_BUNDLE_IDENTIFIER = org.shp.HomeOwner;
				PRODUCT_NAME = "$(TARGET_NAME)";
			};
			name = Release;
		};
/* End XCBuildConfiguration section */

/* Begin XCConfigurationList section */
		3F09075D1CBC129600AB044F /* Build configuration list for PBXProject "HomeOwner" */ = {
			isa = XCConfigurationList;
			buildConfigurations = (
				3F0907721CBC129600AB044F /* Debug */,
				3F0907731CBC129600AB044F /* Release */,
			);
			defaultConfigurationIsVisible = 0;
			defaultConfigurationName = Release;
		};
		3F0907741CBC129600AB044F /* Build configuration list for PBXNativeTarget "HomeOwner" */ = {
			isa = XCConfigurationList;
			buildConfigurations = (
				3F0907751CBC129600AB044F /* Debug */,
				3F0907761CBC129600AB044F /* Release */,
			);
			defaultConfigurationIsVisible = 0;
			defaultConfigurationName = Release;
		};
/* End XCConfigurationList section */
	};
	rootObject = 3F09075A1CBC129600AB044F /* Project object */;
}
